
Microsoft Visual Studio Solution File, Format Version 12.00
# Visual Studio 15
VisualStudioVersion = 15.0.26730.15
MinimumVisualStudioVersion = 10.0.40219.1
Project("{8BC9CEB8-8B4A-11D0-8D11-00A0C91BC942}") = "CECS 282 Program 0", "CECS 282 Program 0\CECS 282 Program 0.vcxproj", "{D725D006-8819-43C9-9D32-9FFE2C868196}"
EndProject
Global
	GlobalSection(SolutionConfigurationPlatforms) = preSolution
		Debug|x64 = Debug|x64
		Debug|x86 = Debug|x86
		Release|x64 = Release|x64
		Release|x86 = Release|x86
	EndGlobalSection
	GlobalSection(ProjectConfigurationPlatforms) = postSolution
		{D725D006-8819-43C9-9D32-9FFE2C868196}.Debug|x64.ActiveCfg = Debug|x64
		{D725D006-8819-43C9-9D32-9FFE2C868196}.Debug|x64.Build.0 = Debug|x64
		{D725D006-8819-43C9-9D32-9FFE2C868196}.Debug|x86.ActiveCfg = Debug|Win32
		{D725D006-8819-43C9-9D32-9FFE2C868196}.Debug|x86.Build.0 = Debug|Win32
		{D725D006-8819-43C9-9D32-9FFE2C868196}.Release|x64.ActiveCfg = Release|x64
		{D725D006-8819-43C9-9D32-9FFE2C868196}.Release|x64.Build.0 = Release|x64
		{D725D006-8819-43C9-9D32-9FFE2C868196}.Release|x86.ActiveCfg = Release|Win32
		{D725D006-8819-43C9-9D32-9FFE2C868196}.Release|x86.Build.0 = Release|Win32
	EndGlobalSection
	GlobalSection(SolutionProperties) = preSolution
		HideSolutionNode = FALSE
	EndGlobalSection
	GlobalSection(ExtensibilityGlobals) = postSolution
		SolutionGuid = {106CC57B-D19A-41C8-B0C7-D9FF4C22361C}
	EndGlobalSection
EndGlobal
